# Generated by move; do not edit
# This file should be checked in.

[move]
version = 4

[pinned.testnet.MoveStdlib]
source = { git = "https://github.com/MystenLabs/sui.git", subdir = 'crates\sui-framework\packages\move-stdlib', rev = "16bf4d124ac5d9fbe9314552d02cfdf55e30d377" }
use_environment = "testnet"
manifest_digest = "C4FE4C91DE74CBF223B2E380AE40F592177D21870DC2D7EB6227D2D694E05363"
deps = {}

[pinned.testnet.Sui]
source = { git = "https://github.com/MystenLabs/sui.git", subdir = 'crates\sui-framework\packages\sui-framework', rev = "16bf4d124ac5d9fbe9314552d02cfdf55e30d377" }
use_environment = "testnet"
manifest_digest = "7AFB66695545775FBFBB2D3078ADFD084244D5002392E837FDE21D9EA1C6D01C"
deps = { MoveStdlib = "MoveStdlib" }

[pinned.testnet.sui_hypersfun]
source = { root = true }
use_environment = "testnet"
manifest_digest = "4BEB20189E6CABAC58EC8977FD71B0357247757B9B01E8FFDB134755984A317B"
deps = { Sui = "Sui" }
